
Microsoft Visual Studio Solution File, Format Version 12.00
# Visual Studio 15
VisualStudioVersion = 15.0.28307.421
MinimumVisualStudioVersion = 10.0.40219.1
Project("{FAE04EC0-301F-11D3-BF4B-00C04F79EFBC}") = "Agenda", "Agenda\Agenda.csproj", "{042BC5C5-1E2D-4191-A4B5-D4A58651C5FD}"
EndProject
Global
	GlobalSection(SolutionConfigurationPlatforms) = preSolution
		Debug|Any CPU = Debug|Any CPU
		Release|Any CPU = Release|Any CPU
	EndGlobalSection
	GlobalSection(ProjectConfigurationPlatforms) = postSolution
		{042BC5C5-1E2D-4191-A4B5-D4A58651C5FD}.Debug|Any CPU.ActiveCfg = Debug|Any CPU
		{042BC5C5-1E2D-4191-A4B5-D4A58651C5FD}.Debug|Any CPU.Build.0 = Debug|Any CPU
		{042BC5C5-1E2D-4191-A4B5-D4A58651C5FD}.Release|Any CPU.ActiveCfg = Release|Any CPU
		{042BC5C5-1E2D-4191-A4B5-D4A58651C5FD}.Release|Any CPU.Build.0 = Release|Any CPU
	EndGlobalSection
	GlobalSection(SolutionProperties) = preSolution
		HideSolutionNode = FALSE
	EndGlobalSection
	GlobalSection(ExtensibilityGlobals) = postSolution
		SolutionGuid = {CECE130B-DDDD-4B35-9C83-8A90B9B54497}
	EndGlobalSection
EndGlobal
